
Microsoft Visual Studio Solution File, Format Version 12.00
# Visual Studio 15
VisualStudioVersion = 15.0.28307.902
MinimumVisualStudioVersion = 10.0.40219.1
Project("{FAE04EC0-301F-11D3-BF4B-00C04F79EFBC}") = "OnlineShop", "OnlineShop\OnlineShop.csproj", "{2AEA2FEA-7AE9-4BFC-8D09-FC42C0A9508B}"
EndProject
Project("{FAE04EC0-301F-11D3-BF4B-00C04F79EFBC}") = "Model", "Model\Model.csproj", "{7A03A87A-C4B7-47E1-9403-379EA55DB72B}"
EndProject
Project("{FAE04EC0-301F-11D3-BF4B-00C04F79EFBC}") = "Common", "Common\Common.csproj", "{C752CCCF-9304-441D-B5BD-72FC10F33808}"
EndProject
Global
	GlobalSection(SolutionConfigurationPlatforms) = preSolution
		Debug|Any CPU = Debug|Any CPU
		Release|Any CPU = Release|Any CPU
	EndGlobalSection
	GlobalSection(ProjectConfigurationPlatforms) = postSolution
		{2AEA2FEA-7AE9-4BFC-8D09-FC42C0A9508B}.Debug|Any CPU.ActiveCfg = Debug|Any CPU
		{2AEA2FEA-7AE9-4BFC-8D09-FC42C0A9508B}.Debug|Any CPU.Build.0 = Debug|Any CPU
		{2AEA2FEA-7AE9-4BFC-8D09-FC42C0A9508B}.Release|Any CPU.ActiveCfg = Release|Any CPU
		{2AEA2FEA-7AE9-4BFC-8D09-FC42C0A9508B}.Release|Any CPU.Build.0 = Release|Any CPU
		{7A03A87A-C4B7-47E1-9403-379EA55DB72B}.Debug|Any CPU.ActiveCfg = Debug|Any CPU
		{7A03A87A-C4B7-47E1-9403-379EA55DB72B}.Debug|Any CPU.Build.0 = Debug|Any CPU
		{7A03A87A-C4B7-47E1-9403-379EA55DB72B}.Release|Any CPU.ActiveCfg = Release|Any CPU
		{7A03A87A-C4B7-47E1-9403-379EA55DB72B}.Release|Any CPU.Build.0 = Release|Any CPU
		{C752CCCF-9304-441D-B5BD-72FC10F33808}.Debug|Any CPU.ActiveCfg = Debug|Any CPU
		{C752CCCF-9304-441D-B5BD-72FC10F33808}.Debug|Any CPU.Build.0 = Debug|Any CPU
		{C752CCCF-9304-441D-B5BD-72FC10F33808}.Release|Any CPU.ActiveCfg = Release|Any CPU
		{C752CCCF-9304-441D-B5BD-72FC10F33808}.Release|Any CPU.Build.0 = Release|Any CPU
	EndGlobalSection
	GlobalSection(SolutionProperties) = preSolution
		HideSolutionNode = FALSE
	EndGlobalSection
	GlobalSection(ExtensibilityGlobals) = postSolution
		SolutionGuid = {476F60CE-EFBE-42A4-9C6F-C0256581D027}
	EndGlobalSection
EndGlobal
